
Microsoft Visual Studio Solution File, Format Version 12.00
# Visual Studio Version 17
VisualStudioVersion = 17.0.31919.166
MinimumVisualStudioVersion = 10.0.40219.1
Project("{FAE04EC0-301F-11D3-BF4B-00C04F79EFBC}") = "Calcular a soma de dois valores", "Calcular a soma de dois valores\Calcular a soma de dois valores.csproj", "{25D29683-A191-480F-87EA-2B714F105D5F}"
EndProject
Global
	GlobalSection(SolutionConfigurationPlatforms) = preSolution
		Debug|Any CPU = Debug|Any CPU
		Release|Any CPU = Release|Any CPU
	EndGlobalSection
	GlobalSection(ProjectConfigurationPlatforms) = postSolution
		{25D29683-A191-480F-87EA-2B714F105D5F}.Debug|Any CPU.ActiveCfg = Debug|Any CPU
		{25D29683-A191-480F-87EA-2B714F105D5F}.Debug|Any CPU.Build.0 = Debug|Any CPU
		{25D29683-A191-480F-87EA-2B714F105D5F}.Release|Any CPU.ActiveCfg = Release|Any CPU
		{25D29683-A191-480F-87EA-2B714F105D5F}.Release|Any CPU.Build.0 = Release|Any CPU
	EndGlobalSection
	GlobalSection(SolutionProperties) = preSolution
		HideSolutionNode = FALSE
	EndGlobalSection
	GlobalSection(ExtensibilityGlobals) = postSolution
		SolutionGuid = {B430BE90-C8A0-4659-9775-68CA807D5912}
	EndGlobalSection
EndGlobal
